Microsoft Visual Studio Solution File, Format Version 12.00
# Visual Studio Version 17
VisualStudioVersion = 17.5.2.0
MinimumVisualStudioVersion = 10.0.40219.1
Project("{FAE04EC0-301F-11D3-BF4B-00C04F79EFBC}") = "TurboSnip.Core.Test", "TurboSnip.Core.Test\TurboSnip.Core.Test.csproj", "{0DCDE724-A4CC-8EAB-5EF2-2C3DC38850BB}"
EndProject
Project("{FAE04EC0-301F-11D3-BF4B-00C04F79EFBC}") = "TurboSnip.WPF", "TurboSnip.WPF\TurboSnip.WPF.csproj", "{9C30EE55-330F-F6E1-BA70-A5913D05309C}"
EndProject
Project("{FAE04EC0-301F-11D3-BF4B-00C04F79EFBC}") = "TurboSnip.Tests", "TurboSnip.Tests\TurboSnip.Tests.csproj", "{1F051903-48E5-4A09-A1A8-5A0BBBEEE7F6}"
EndProject
Global
	GlobalSection(SolutionConfigurationPlatforms) = preSolution
		Debug|Any CPU = Debug|Any CPU
		Release|Any CPU = Release|Any CPU
	EndGlobalSection
	GlobalSection(ProjectConfigurationPlatforms) = postSolution
		{0DCDE724-A4CC-8EAB-5EF2-2C3DC38850BB}.Debug|Any CPU.ActiveCfg = Debug|Any CPU
		{0DCDE724-A4CC-8EAB-5EF2-2C3DC38850BB}.Debug|Any CPU.Build.0 = Debug|Any CPU
		{0DCDE724-A4CC-8EAB-5EF2-2C3DC38850BB}.Release|Any CPU.ActiveCfg = Release|Any CPU
		{0DCDE724-A4CC-8EAB-5EF2-2C3DC38850BB}.Release|Any CPU.Build.0 = Release|Any CPU
		{9C30EE55-330F-F6E1-BA70-A5913D05309C}.Debug|Any CPU.ActiveCfg = Debug|Any CPU
		{9C30EE55-330F-F6E1-BA70-A5913D05309C}.Debug|Any CPU.Build.0 = Debug|Any CPU
		{9C30EE55-330F-F6E1-BA70-A5913D05309C}.Release|Any CPU.ActiveCfg = Release|Any CPU
		{9C30EE55-330F-F6E1-BA70-A5913D05309C}.Release|Any CPU.Build.0 = Release|Any CPU
		{1F051903-48E5-4A09-A1A8-5A0BBBEEE7F6}.Debug|Any CPU.ActiveCfg = Debug|Any CPU
		{1F051903-48E5-4A09-A1A8-5A0BBBEEE7F6}.Debug|Any CPU.Build.0 = Debug|Any CPU
		{1F051903-48E5-4A09-A1A8-5A0BBBEEE7F6}.Release|Any CPU.ActiveCfg = Release|Any CPU
		{1F051903-48E5-4A09-A1A8-5A0BBBEEE7F6}.Release|Any CPU.Build.0 = Release|Any CPU
	EndGlobalSection
	GlobalSection(SolutionProperties) = preSolution
		HideSolutionNode = FALSE
	EndGlobalSection
	GlobalSection(ExtensibilityGlobals) = postSolution
		SolutionGuid = {53C59DB0-BE74-4748-BDBA-90D1F456CC79}
	EndGlobalSection
EndGlobal
